
Microsoft Visual Studio Solution File, Format Version 12.00
# Visual Studio Version 16
VisualStudioVersion = 16.0.31129.286
MinimumVisualStudioVersion = 10.0.40219.1
Project("{FAE04EC0-301F-11D3-BF4B-00C04F79EFBC}") = "VideoPlayer", "VideoPlayer.csproj", "{BEB1FFAB-1E3E-4D84-AB2E-1A0AACD627A0}"
EndProject
Global
	GlobalSection(SolutionConfigurationPlatforms) = preSolution
		Debug|Any CPU = Debug|Any CPU
		Release|Any CPU = Release|Any CPU
	EndGlobalSection
	GlobalSection(ProjectConfigurationPlatforms) = postSolution
		{BEB1FFAB-1E3E-4D84-AB2E-1A0AACD627A0}.Debug|Any CPU.ActiveCfg = Debug|Any CPU
		{BEB1FFAB-1E3E-4D84-AB2E-1A0AACD627A0}.Debug|Any CPU.Build.0 = Debug|Any CPU
		{BEB1FFAB-1E3E-4D84-AB2E-1A0AACD627A0}.Release|Any CPU.ActiveCfg = Release|Any CPU
		{BEB1FFAB-1E3E-4D84-AB2E-1A0AACD627A0}.Release|Any CPU.Build.0 = Release|Any CPU
	EndGlobalSection
	GlobalSection(SolutionProperties) = preSolution
		HideSolutionNode = FALSE
	EndGlobalSection
	GlobalSection(ExtensibilityGlobals) = postSolution
		SolutionGuid = {6E226679-B5B2-47E7-A2F5-68DED79117FE}
	EndGlobalSection
EndGlobal
